
Microsoft Visual Studio Solution File, Format Version 12.00
# Visual Studio Version 16
VisualStudioVersion = 16.0.29806.167
MinimumVisualStudioVersion = 10.0.40219.1
Project("{F184B08F-C81C-45F6-A57F-5ABD9991F28F}") = "SuperBLTHasher", "SuperBLTHasher.vbproj", "{5DD8A68B-EC43-4E89-AC9C-9691C529713D}"
EndProject
Global
	GlobalSection(SolutionConfigurationPlatforms) = preSolution
		Debug|Any CPU = Debug|Any CPU
		Release|Any CPU = Release|Any CPU
	EndGlobalSection
	GlobalSection(ProjectConfigurationPlatforms) = postSolution
		{5DD8A68B-EC43-4E89-AC9C-9691C529713D}.Debug|Any CPU.ActiveCfg = Debug|Any CPU
		{5DD8A68B-EC43-4E89-AC9C-9691C529713D}.Debug|Any CPU.Build.0 = Debug|Any CPU
		{5DD8A68B-EC43-4E89-AC9C-9691C529713D}.Release|Any CPU.ActiveCfg = Release|Any CPU
		{5DD8A68B-EC43-4E89-AC9C-9691C529713D}.Release|Any CPU.Build.0 = Release|Any CPU
	EndGlobalSection
	GlobalSection(SolutionProperties) = preSolution
		HideSolutionNode = FALSE
	EndGlobalSection
	GlobalSection(ExtensibilityGlobals) = postSolution
		SolutionGuid = {303021D9-9C21-4FE4-8EB6-423EE1A932E4}
	EndGlobalSection
EndGlobal
